
Microsoft Visual Studio Solution File, Format Version 12.00
# Visual Studio Version 17
VisualStudioVersion = 17.0.32112.339
MinimumVisualStudioVersion = 10.0.40219.1
Project("{9A19103F-16F7-4668-BE54-9A1E7A4F7556}") = "GrpcServer", "GrpcServer\GrpcServer.csproj", "{5FF9D959-3957-4136-B661-132F46E465A5}"
EndProject
Project("{FAE04EC0-301F-11D3-BF4B-00C04F79EFBC}") = "GrpcTestClient", "GrpcTestClient\GrpcTestClient.csproj", "{87CFAFB6-53FF-4706-A266-3AD0ABDB480A}"
EndProject
Global
	GlobalSection(SolutionConfigurationPlatforms) = preSolution
		Debug|Any CPU = Debug|Any CPU
		Release|Any CPU = Release|Any CPU
	EndGlobalSection
	GlobalSection(ProjectConfigurationPlatforms) = postSolution
		{5FF9D959-3957-4136-B661-132F46E465A5}.Debug|Any CPU.ActiveCfg = Debug|Any CPU
		{5FF9D959-3957-4136-B661-132F46E465A5}.Debug|Any CPU.Build.0 = Debug|Any CPU
		{5FF9D959-3957-4136-B661-132F46E465A5}.Release|Any CPU.ActiveCfg = Release|Any CPU
		{5FF9D959-3957-4136-B661-132F46E465A5}.Release|Any CPU.Build.0 = Release|Any CPU
		{87CFAFB6-53FF-4706-A266-3AD0ABDB480A}.Debug|Any CPU.ActiveCfg = Debug|Any CPU
		{87CFAFB6-53FF-4706-A266-3AD0ABDB480A}.Debug|Any CPU.Build.0 = Debug|Any CPU
		{87CFAFB6-53FF-4706-A266-3AD0ABDB480A}.Release|Any CPU.ActiveCfg = Release|Any CPU
		{87CFAFB6-53FF-4706-A266-3AD0ABDB480A}.Release|Any CPU.Build.0 = Release|Any CPU
	EndGlobalSection
	GlobalSection(SolutionProperties) = preSolution
		HideSolutionNode = FALSE
	EndGlobalSection
	GlobalSection(ExtensibilityGlobals) = postSolution
		SolutionGuid = {434436EE-B47F-4BFB-A651-8A7C2E5A9514}
	EndGlobalSection
EndGlobal
