
Microsoft Visual Studio Solution File, Format Version 12.00
# Visual Studio Version 17
VisualStudioVersion = 17.0.32112.339
MinimumVisualStudioVersion = 10.0.40219.1
Project("{9A19103F-16F7-4668-BE54-9A1E7A4F7556}") = "Whu.Lambda.Moe.Backend.Test", "Whu.Lambda.Moe.Backend.Test\Whu.Lambda.Moe.Backend.Test.csproj", "{711FDA2A-E1E8-4DD2-9984-618527EF9320}"
EndProject
Project("{9A19103F-16F7-4668-BE54-9A1E7A4F7556}") = "Whu.Lambda.Moe.Backend", "Whu.Lambda.Moe.Backend\Whu.Lambda.Moe.Backend.csproj", "{75FE92D5-776D-4117-A107-CD0372CD3175}"
EndProject
Project("{2150E333-8FDC-42A3-9474-1A3956D46DE8}") = "Solution Items", "Solution Items", "{7F8E07F7-8B10-4C8C-9A78-41331B49DDB9}"
	ProjectSection(SolutionItems) = preProject
		.editorconfig = .editorconfig
	EndProjectSection
EndProject
Global
	GlobalSection(SolutionConfigurationPlatforms) = preSolution
		Debug|Any CPU = Debug|Any CPU
		Release|Any CPU = Release|Any CPU
	EndGlobalSection
	GlobalSection(ProjectConfigurationPlatforms) = postSolution
		{711FDA2A-E1E8-4DD2-9984-618527EF9320}.Debug|Any CPU.ActiveCfg = Debug|Any CPU
		{711FDA2A-E1E8-4DD2-9984-618527EF9320}.Debug|Any CPU.Build.0 = Debug|Any CPU
		{711FDA2A-E1E8-4DD2-9984-618527EF9320}.Release|Any CPU.ActiveCfg = Release|Any CPU
		{711FDA2A-E1E8-4DD2-9984-618527EF9320}.Release|Any CPU.Build.0 = Release|Any CPU
		{75FE92D5-776D-4117-A107-CD0372CD3175}.Debug|Any CPU.ActiveCfg = Debug|Any CPU
		{75FE92D5-776D-4117-A107-CD0372CD3175}.Debug|Any CPU.Build.0 = Debug|Any CPU
		{75FE92D5-776D-4117-A107-CD0372CD3175}.Release|Any CPU.ActiveCfg = Release|Any CPU
		{75FE92D5-776D-4117-A107-CD0372CD3175}.Release|Any CPU.Build.0 = Release|Any CPU
	EndGlobalSection
	GlobalSection(SolutionProperties) = preSolution
		HideSolutionNode = FALSE
	EndGlobalSection
	GlobalSection(ExtensibilityGlobals) = postSolution
		SolutionGuid = {434436EE-B47F-4BFB-A651-8A7C2E5A9514}
	EndGlobalSection
EndGlobal
